
Microsoft Visual Studio Solution File, Format Version 12.00
# Visual Studio Version 17
VisualStudioVersion = 17.5.33516.290
MinimumVisualStudioVersion = 10.0.40219.1
Project("{FAE04EC0-301F-11D3-BF4B-00C04F79EFBC}") = "Problema2.8", "Problema2.8.csproj", "{A12EFFBF-4CBB-4869-9711-35E7FFE24702}"
EndProject
Global
	GlobalSection(SolutionConfigurationPlatforms) = preSolution
		Debug|Any CPU = Debug|Any CPU
		Release|Any CPU = Release|Any CPU
	EndGlobalSection
	GlobalSection(ProjectConfigurationPlatforms) = postSolution
		{A12EFFBF-4CBB-4869-9711-35E7FFE24702}.Debug|Any CPU.ActiveCfg = Debug|Any CPU
		{A12EFFBF-4CBB-4869-9711-35E7FFE24702}.Debug|Any CPU.Build.0 = Debug|Any CPU
		{A12EFFBF-4CBB-4869-9711-35E7FFE24702}.Release|Any CPU.ActiveCfg = Release|Any CPU
		{A12EFFBF-4CBB-4869-9711-35E7FFE24702}.Release|Any CPU.Build.0 = Release|Any CPU
	EndGlobalSection
	GlobalSection(SolutionProperties) = preSolution
		HideSolutionNode = FALSE
	EndGlobalSection
	GlobalSection(ExtensibilityGlobals) = postSolution
		SolutionGuid = {29A3B82E-EB1E-46E9-BE36-27AC5EFBE752}
	EndGlobalSection
EndGlobal
